// !$*UTF8*$!
{
	archiveVersion = 1;
	classes = {
	};
	objectVersion = 48;
	objects = {

/* Begin PBXBuildFile section */
		0445F9DF1FCCFABA004E6920 /* AppDelegate.swift in Sources */ = {isa = PBXBuildFile; fileRef = 0445F9DE1FCCFABA004E6920 /* AppDelegate.swift */; };
		0445F9E11FCCFABA004E6920 /* ViewController.swift in Sources */ = {isa = PBXBuildFile; fileRef = 0445F9E01FCCFABA004E6920 /* ViewController.swift */; };
		0445F9E41FCCFABA004E6920 /* Main.storyboard in Resources */ = {isa = PBXBuildFile; fileRef = 0445F9E21FCCFABA004E6920 /* Main.storyboard */; };
		0445F9E61FCCFABA004E6920 /* Assets.xcassets in Resources */ = {isa = PBXBuildFile; fileRef = 0445F9E51FCCFABA004E6920 /* Assets.xcassets */; };
		0445F9E91FCCFABA004E6920 /* LaunchScreen.storyboard in Resources */ = {isa = PBXBuildFile; fileRef = 0445F9E71FCCFABA004E6920 /* LaunchScreen.storyboard */; };
		0445F9F41FCCFABA004E6920 /* BakeTimeTests.swift in Sources */ = {isa = PBXBuildFile; fileRef = 0445F9F31FCCFABA004E6920 /* BakeTimeTests.swift */; };
		0445F9FF1FCCFABA004E6920 /* BakeTimeUITests.swift in Sources */ = {isa = PBXBuildFile; fileRef = 0445F9FE1FCCFABA004E6920 /* BakeTimeUITests.swift */; };
/* End PBXBuildFile section */

/* Begin PBXContainerItemProxy section */
		0445F9F01FCCFABA004E6920 /* PBXContainerItemProxy */ = {
			isa = PBXContainerItemProxy;
			containerPortal = 0445F9D31FCCFABA004E6920 /* Project object */;
			proxyType = 1;
			remoteGlobalIDString = 0445F9DA1FCCFABA004E6920;
			remoteInfo = BakeTime;
		};
		0445F9FB1FCCFABA004E6920 /* PBXContainerItemProxy */ = {
			isa = PBXContainerItemProxy;
			containerPortal = 0445F9D31FCCFABA004E6920 /* Project object */;
			proxyType = 1;
			remoteGlobalIDString = 0445F9DA1FCCFABA004E6920;
			remoteInfo = BakeTime;
		};
/* End PBXContainerItemProxy section */

/* Begin PBXFileReference section */
		0445F9DB1FCCFABA004E6920 /* BakeTime.app */ = {isa = PBXFileReference; explicitFileType = wrapper.application; includeInIndex = 0; path = BakeTime.app; sourceTree = BUILT_PRODUCTS_DIR; };
		0445F9DE1FCCFABA004E6920 /* AppDelegate.swift */ = {isa = PBXFileReference; lastKnownFileType = sourcecode.swift; path = AppDelegate.swift; sourceTree = "<group>"; };
		0445F9E01FCCFABA004E6920 /* ViewController.swift */ = {isa = PBXFileReference; lastKnownFileType = sourcecode.swift; path = ViewController.swift; sourceTree = "<group>"; };
		0445F9E31FCCFABA004E6920 /* Base */ = {isa = PBXFileReference; lastKnownFileType = file.storyboard; name = Base; path = Base.lproj/Main.storyboard; sourceTree = "<group>"; };
		0445F9E51FCCFABA004E6920 /* Assets.xcassets */ = {isa = PBXFileReference; lastKnownFileType = folder.assetcatalog; path = Assets.xcassets; sourceTree = "<group>"; };
		0445F9E81FCCFABA004E6920 /* Base */ = {isa = PBXFileReference; lastKnownFileType = file.storyboard; name = Base; path = Base.lproj/LaunchScreen.storyboard; sourceTree = "<group>"; };
		0445F9EA1FCCFABA004E6920 /* Info.plist */ = {isa = PBXFileReference; lastKnownFileType = text.plist.xml; path = Info.plist; sourceTree = "<group>"; };
		0445F9EF1FCCFABA004E6920 /* BakeTimeTests.xctest */ = {isa = PBXFileReference; explicitFileType = wrapper.cfbundle; includeInIndex = 0; path = BakeTimeTests.xctest; sourceTree = BUILT_PRODUCTS_DIR; };
		0445F9F31FCCFABA004E6920 /* BakeTimeTests.swift */ = {isa = PBXFileReference; lastKnownFileType = sourcecode.swift; path = BakeTimeTests.swift; sourceTree = "<group>"; };
		0445F9F51FCCFABA004E6920 /* Info.plist */ = {isa = PBXFileReference; lastKnownFileType = text.plist.xml; path = Info.plist; sourceTree = "<group>"; };
		0445F9FA1FCCFABA004E6920 /* BakeTimeUITests.xctest */ = {isa = PBXFileReference; explicitFileType = wrapper.cfbundle; includeInIndex = 0; path = BakeTimeUITests.xctest; sourceTree = BUILT_PRODUCTS_DIR; };
		0445F9FE1FCCFABA004E6920 /* BakeTimeUITests.swift */ = {isa = PBXFileReference; lastKnownFileType = sourcecode.swift; path = BakeTimeUITests.swift; sourceTree = "<group>"; };
		0445FA001FCCFABA004E6920 /* Info.plist */ = {isa = PBXFileReference; lastKnownFileType = text.plist.xml; path = Info.plist; sourceTree = "<group>"; };
/* End PBXFileReference section */

/* Begin PBXFrameworksBuildPhase section */
		0445F9D81FCCFABA004E6920 /* Frameworks */ = {
			isa = PBXFrameworksBuildPhase;
			buildActionMask = 2147483647;
			files = (
			);
			runOnlyForDeploymentPostprocessing = 0;
		};
		0445F9EC1FCCFABA004E6920 /* Frameworks */ = {
			isa = PBXFrameworksBuildPhase;
			buildActionMask = 2147483647;
			files = (
			);
			runOnlyForDeploymentPostprocessing = 0;
		};
		0445F9F71FCCFABA004E6920 /* Frameworks */ = {
			isa = PBXFrameworksBuildPhase;
			buildActionMask = 2147483647;
			files = (
			);
			runOnlyForDeploymentPostprocessing = 0;
		};
/* End PBXFrameworksBuildPhase section */

/* Begin PBXGroup section */
		0445F9D21FCCFABA004E6920 = {
			isa = PBXGroup;
			children = (
				0445F9DD1FCCFABA004E6920 /* BakeTime */,
				0445F9F21FCCFABA004E6920 /* BakeTimeTests */,
				0445F9FD1FCCFABA004E6920 /* BakeTimeUITests */,
				0445F9DC1FCCFABA004E6920 /* Products */,
			);
			sourceTree = "<group>";
		};
		0445F9DC1FCCFABA004E6920 /* Products */ = {
			isa = PBXGroup;
			children = (
				0445F9DB1FCCFABA004E6920 /* BakeTime.app */,
				0445F9EF1FCCFABA004E6920 /* BakeTimeTests.xctest */,
				0445F9FA1FCCFABA004E6920 /* BakeTimeUITests.xctest */,
			);
			name = Products;
			sourceTree = "<group>";
		};
		0445F9DD1FCCFABA004E6920 /* BakeTime */ = {
			isa = PBXGroup;
			children = (
				0445F9DE1FCCFABA004E6920 /* AppDelegate.swift */,
				0445F9E01FCCFABA004E6920 /* ViewController.swift */,
				0445F9E21FCCFABA004E6920 /* Main.storyboard */,
				0445F9E51FCCFABA004E6920 /* Assets.xcassets */,
				0445F9E71FCCFABA004E6920 /* LaunchScreen.storyboard */,
				0445F9EA1FCCFABA004E6920 /* Info.plist */,
			);
			path = BakeTime;
			sourceTree = "<group>";
		};
		0445F9F21FCCFABA004E6920 /* BakeTimeTests */ = {
			isa = PBXGroup;
			children = (
				0445F9F31FCCFABA004E6920 /* BakeTimeTests.swift */,
				0445F9F51FCCFABA004E6920 /* Info.plist */,
			);
			path = BakeTimeTests;
			sourceTree = "<group>";
		};
		0445F9FD1FCCFABA004E6920 /* BakeTimeUITests */ = {
			isa = PBXGroup;
			children = (
				0445F9FE1FCCFABA004E6920 /* BakeTimeUITests.swift */,
				0445FA001FCCFABA004E6920 /* Info.plist */,
			);
			path = BakeTimeUITests;
			sourceTree = "<group>";
		};
/* End PBXGroup section */

/* Begin PBXNativeTarget section */
		0445F9DA1FCCFABA004E6920 /* BakeTime */ = {
			isa = PBXNativeTarget;
			buildConfigurationList = 0445FA031FCCFABA004E6920 /* Build configuration list for PBXNativeTarget "BakeTime" */;
			buildPhases = (
				0445F9D71FCCFABA004E6920 /* Sources */,
				0445F9D81FCCFABA004E6920 /* Frameworks */,
				0445F9D91FCCFABA004E6920 /* Resources */,
			);
			buildRules = (
			);
			dependencies = (
			);
			name = BakeTime;
			productName = BakeTime;
			productReference = 0445F9DB1FCCFABA004E6920 /* BakeTime.app */;
			productType = "com.apple.product-type.application";
		};
		0445F9EE1FCCFABA004E6920 /* BakeTimeTests */ = {
			isa = PBXNativeTarget;
			buildConfigurationList = 0445FA061FCCFABA004E6920 /* Build configuration list for PBXNativeTarget "BakeTimeTests" */;
			buildPhases = (
				0445F9EB1FCCFABA004E6920 /* Sources */,
				0445F9EC1FCCFABA004E6920 /* Frameworks */,
				0445F9ED1FCCFABA004E6920 /* Resources */,
			);
			buildRules = (
			);
			dependencies = (
				0445F9F11FCCFABA004E6920 /* PBXTargetDependency */,
			);
			name = BakeTimeTests;
			productName = BakeTimeTests;
			productReference = 0445F9EF1FCCFABA004E6920 /* BakeTimeTests.xctest */;
			productType = "com.apple.product-type.bundle.unit-test";
		};
		0445F9F91FCCFABA004E6920 /* BakeTimeUITests */ = {
			isa = PBXNativeTarget;
			buildConfigurationList = 0445FA091FCCFABA004E6920 /* Build configuration list for PBXNativeTarget "BakeTimeUITests" */;
			buildPhases = (
				0445F9F61FCCFABA004E6920 /* Sources */,
				0445F9F71FCCFABA004E6920 /* Frameworks */,
				0445F9F81FCCFABA004E6920 /* Resources */,
			);
			buildRules = (
			);
			dependencies = (
				0445F9FC1FCCFABA004E6920 /* PBXTargetDependency */,
			);
			name = BakeTimeUITests;
			productName = BakeTimeUITests;
			productReference = 0445F9FA1FCCFABA004E6920 /* BakeTimeUITests.xctest */;
			productType = "com.apple.product-type.bundle.ui-testing";
		};
/* End PBXNativeTarget section */

/* Begin PBXProject section */
		0445F9D31FCCFABA004E6920 /* Project object */ = {
			isa = PBXProject;
			attributes = {
				LastSwiftUpdateCheck = 0900;
				LastUpgradeCheck = 0900;
				ORGANIZATIONNAME = lyy;
				TargetAttributes = {
					0445F9DA1FCCFABA004E6920 = {
						CreatedOnToolsVersion = 9.0;
						ProvisioningStyle = Automatic;
					};
					0445F9EE1FCCFABA004E6920 = {
						CreatedOnToolsVersion = 9.0;
						ProvisioningStyle = Automatic;
						TestTargetID = 0445F9DA1FCCFABA004E6920;
					};
					0445F9F91FCCFABA004E6920 = {
						CreatedOnToolsVersion = 9.0;
						ProvisioningStyle = Automatic;
						TestTargetID = 0445F9DA1FCCFABA004E6920;
					};
				};
			};
			buildConfigurationList = 0445F9D61FCCFABA004E6920 /* Build configuration list for PBXProject "BakeTime" */;
			compatibilityVersion = "Xcode 8.0";
			developmentRegion = en;
			hasScannedForEncodings = 0;
			knownRegions = (
				en,
				Base,
			);
			mainGroup = 0445F9D21FCCFABA004E6920;
			productRefGroup = 0445F9DC1FCCFABA004E6920 /* Products */;
			projectDirPath = "";
			projectRoot = "";
			targets = (
				0445F9DA1FCCFABA004E6920 /* BakeTime */,
				0445F9EE1FCCFABA004E6920 /* BakeTimeTests */,
				0445F9F91FCCFABA004E6920 /* BakeTimeUITests */,
			);
		};
/* End PBXProject section */

/* Begin PBXResourcesBuildPhase section */
		0445F9D91FCCFABA004E6920 /* Resources */ = {
			isa = PBXResourcesBuildPhase;
			buildActionMask = 2147483647;
			files = (
				0445F9E91FCCFABA004E6920 /* LaunchScreen.storyboard in Resources */,
				0445F9E61FCCFABA004E6920 /* Assets.xcassets in Resources */,
				0445F9E41FCCFABA004E6920 /* Main.storyboard in Resources */,
			);
			runOnlyForDeploymentPostprocessing = 0;
		};
		0445F9ED1FCCFABA004E6920 /* Resources */ = {
			isa = PBXResourcesBuildPhase;
			buildActionMask = 2147483647;
			files = (
			);
			runOnlyForDeploymentPostprocessing = 0;
		};
		0445F9F81FCCFABA004E6920 /* Resources */ = {
			isa = PBXResourcesBuildPhase;
			buildActionMask = 2147483647;
			files = (
			);
			runOnlyForDeploymentPostprocessing = 0;
		};
/* End PBXResourcesBuildPhase section */

/* Begin PBXSourcesBuildPhase section */
		0445F9D71FCCFABA004E6920 /* Sources */ = {
			isa = PBXSourcesBuildPhase;
			buildActionMask = 2147483647;
			files = (
				0445F9E11FCCFABA004E6920 /* ViewController.swift in Sources */,
				0445F9DF1FCCFABA004E6920 /* AppDelegate.swift in Sources */,
			);
			runOnlyForDeploymentPostprocessing = 0;
		};
		0445F9EB1FCCFABA004E6920 /* Sources */ = {
			isa = PBXSourcesBuildPhase;
			buildActionMask = 2147483647;
			files = (
				0445F9F41FCCFABA004E6920 /* BakeTimeTests.swift in Sources */,
			);
			runOnlyForDeploymentPostprocessing = 0;
		};
		0445F9F61FCCFABA004E6920 /* Sources */ = {
			isa = PBXSourcesBuildPhase;
			buildActionMask = 2147483647;
			files = (
				0445F9FF1FCCFABA004E6920 /* BakeTimeUITests.swift in Sources */,
			);
			runOnlyForDeploymentPostprocessing = 0;
		};
/* End PBXSourcesBuildPhase section */

/* Begin PBXTargetDependency section */
		0445F9F11FCCFABA004E6920 /* PBXTargetDependency */ = {
			isa = PBXTargetDependency;
			target = 0445F9DA1FCCFABA004E6920 /* BakeTime */;
			targetProxy = 0445F9F01FCCFABA004E6920 /* PBXContainerItemProxy */;
		};
		0445F9FC1FCCFABA004E6920 /* PBXTargetDependency */ = {
			isa = PBXTargetDependency;
			target = 0445F9DA1FCCFABA004E6920 /* BakeTime */;
			targetProxy = 0445F9FB1FCCFABA004E6920 /* PBXContainerItemProxy */;
		};
/* End PBXTargetDependency section */

/* Begin PBXVariantGroup section */
		0445F9E21FCCFABA004E6920 /* Main.storyboard */ = {
			isa = PBXVariantGroup;
			children = (
				0445F9E31FCCFABA004E6920 /* Base */,
			);
			name = Main.storyboard;
			sourceTree = "<group>";
		};
		0445F9E71FCCFABA004E6920 /* LaunchScreen.storyboard */ = {
			isa = PBXVariantGroup;
			children = (
				0445F9E81FCCFABA004E6920 /* Base */,
			);
			name = LaunchScreen.storyboard;
			sourceTree = "<group>";
		};
/* End PBXVariantGroup section */

/* Begin XCBuildConfiguration section */
		0445FA011FCCFABA004E6920 /* Debug */ = {
			isa = XCBuildConfiguration;
			buildSettings = {
				ALWAYS_SEARCH_USER_PATHS = NO;
				CLANG_ANALYZER_NONNULL = YES;
				CLANG_ANALYZER_NUMBER_OBJECT_CONVERSION = YES_AGGRESSIVE;
				CLANG_CXX_LANGUAGE_STANDARD = "gnu++14";
				CLANG_CXX_LIBRARY = "libc++";
				CLANG_ENABLE_MODULES = YES;
				CLANG_ENABLE_OBJC_ARC = YES;
				CLANG_WARN_BLOCK_CAPTURE_AUTORELEASING = YES;
				CLANG_WARN_BOOL_CONVERSION = YES;
				CLANG_WARN_COMMA = YES;
				CLANG_WARN_CONSTANT_CONVERSION = YES;
				CLANG_WARN_DIRECT_OBJC_ISA_USAGE = YES_ERROR;
				CLANG_WARN_DOCUMENTATION_COMMENTS = YES;
				CLANG_WARN_EMPTY_BODY = YES;
				CLANG_WARN_ENUM_CONVERSION = YES;
				CLANG_WARN_INFINITE_RECURSION = YES;
				CLANG_WARN_INT_CONVERSION = YES;
				CLANG_WARN_NON_LITERAL_NULL_CONVERSION = YES;
				CLANG_WARN_OBJC_LITERAL_CONVERSION = YES;
				CLANG_WARN_OBJC_ROOT_CLASS = YES_ERROR;
				CLANG_WARN_RANGE_LOOP_ANALYSIS = YES;
				CLANG_WARN_STRICT_PROTOTYPES = YES;
				CLANG_WARN_SUSPICIOUS_MOVE = YES;
				CLANG_WARN_UNGUARDED_AVAILABILITY = YES_AGGRESSIVE;
				CLANG_WARN_UNREACHABLE_CODE = YES;
				CLANG_WARN__DUPLICATE_METHOD_MATCH = YES;
				CODE_SIGN_IDENTITY = "iPhone Developer";
				COPY_PHASE_STRIP = NO;
				DEBUG_INFORMATION_FORMAT = dwarf;
				ENABLE_STRICT_OBJC_MSGSEND = YES;
				ENABLE_TESTABILITY = YES;
				GCC_C_LANGUAGE_STANDARD = gnu11;
				GCC_DYNAMIC_NO_PIC = NO;
				GCC_NO_COMMON_BLOCKS = YES;
				GCC_OPTIMIZATION_LEVEL = 0;
				GCC_PREPROCESSOR_DEFINITIONS = (
					"DEBUG=1",
					"$(inherited)",
				);
				GCC_WARN_64_TO_32_BIT_CONVERSION = YES;
				GCC_WARN_ABOUT_RETURN_TYPE = YES_ERROR;
				GCC_WARN_UNDECLARED_SELECTOR = YES;
				GCC_WARN_UNINITIALIZED_AUTOS = YES_AGGRESSIVE;
				GCC_WARN_UNUSED_FUNCTION = YES;
				GCC_WARN_UNUSED_VARIABLE = YES;
				IPHONEOS_DEPLOYMENT_TARGET = 11.0;
				MTL_ENABLE_DEBUG_INFO = YES;
				ONLY_ACTIVE_ARCH = YES;
				SDKROOT = iphoneos;
				SWIFT_ACTIVE_COMPILATION_CONDITIONS = DEBUG;
				SWIFT_OPTIMIZATION_LEVEL = "-Onone";
			};
			name = Debug;
		};
		0445FA021FCCFABA004E6920 /* Release */ = {
			isa = XCBuildConfiguration;
			buildSettings = {
				ALWAYS_SEARCH_USER_PATHS = NO;
				CLANG_ANALYZER_NONNULL = YES;
				CLANG_ANALYZER_NUMBER_OBJECT_CONVERSION = YES_AGGRESSIVE;
				CLANG_CXX_LANGUAGE_STANDARD = "gnu++14";
				CLANG_CXX_LIBRARY = "libc++";
				CLANG_ENABLE_MODULES = YES;
				CLANG_ENABLE_OBJC_ARC = YES;
				CLANG_WARN_BLOCK_CAPTURE_AUTORELEASING = YES;
				CLANG_WARN_BOOL_CONVERSION = YES;
				CLANG_WARN_COMMA = YES;
				CLANG_WARN_CONSTANT_CONVERSION = YES;
				CLANG_WARN_DIRECT_OBJC_ISA_USAGE = YES_ERROR;
				CLANG_WARN_DOCUMENTATION_COMMENTS = YES;
				CLANG_WARN_EMPTY_BODY = YES;
				CLANG_WARN_ENUM_CONVERSION = YES;
				CLANG_WARN_INFINITE_RECURSION = YES;
				CLANG_WARN_INT_CONVERSION = YES;
				CLANG_WARN_NON_LITERAL_NULL_CONVERSION = YES;
				CLANG_WARN_OBJC_LITERAL_CONVERSION = YES;
				CLANG_WARN_OBJC_ROOT_CLASS = YES_ERROR;
				CLANG_WARN_RANGE_LOOP_ANALYSIS = YES;
				CLANG_WARN_STRICT_PROTOTYPES = YES;
				CLANG_WARN_SUSPICIOUS_MOVE = YES;
				CLANG_WARN_UNGUARDED_AVAILABILITY = YES_AGGRESSIVE;
				CLANG_WARN_UNREACHABLE_CODE = YES;
				CLANG_WARN__DUPLICATE_METHOD_MATCH = YES;
				CODE_SIGN_IDENTITY = "iPhone Developer";
				COPY_PHASE_STRIP = NO;
				DEBUG_INFORMATION_FORMAT = "dwarf-with-dsym";
				ENABLE_NS_ASSERTIONS = NO;
				ENABLE_STRICT_OBJC_MSGSEND = YES;
				GCC_C_LANGUAGE_STANDARD = gnu11;
				GCC_NO_COMMON_BLOCKS = YES;
				GCC_WARN_64_TO_32_BIT_CONVERSION = YES;
				GCC_WARN_ABOUT_RETURN_TYPE = YES_ERROR;
				GCC_WARN_UNDECLARED_SELECTOR = YES;
				GCC_WARN_UNINITIALIZED_AUTOS = YES_AGGRESSIVE;
				GCC_WARN_UNUSED_FUNCTION = YES;
				GCC_WARN_UNUSED_VARIABLE = YES;
				IPHONEOS_DEPLOYMENT_TARGET = 11.0;
				MTL_ENABLE_DEBUG_INFO = NO;
				SDKROOT = iphoneos;
				SWIFT_OPTIMIZATION_LEVEL = "-Owholemodule";
				VALIDATE_PRODUCT = YES;
			};
			name = Release;
		};
		0445FA041FCCFABA004E6920 /* Debug */ = {
			isa = XCBuildConfiguration;
			buildSettings = {
				ASSETCATALOG_COMPILER_APPICON_NAME = AppIcon;
				CODE_SIGN_STYLE = Automatic;
				INFOPLIST_FILE = BakeTime/Info.plist;
				LD_RUNPATH_SEARCH_PATHS = "$(inherited) @executable_path/Frameworks";
				PRODUCT_BUNDLE_IDENTIFIER = lyy.BakeTime;
				PRODUCT_NAME = "$(TARGET_NAME)";
				SWIFT_VERSION = 4.0;
				TARGETED_DEVICE_FAMILY = "1,2";
			};
			name = Debug;
		};
		0445FA051FCCFABA004E6920 /* Release */ = {
			isa = XCBuildConfiguration;
			buildSettings = {
				ASSETCATALOG_COMPILER_APPICON_NAME = AppIcon;
				CODE_SIGN_STYLE = Automatic;
				INFOPLIST_FILE = BakeTime/Info.plist;
				LD_RUNPATH_SEARCH_PATHS = "$(inherited) @executable_path/Frameworks";
				PRODUCT_BUNDLE_IDENTIFIER = lyy.BakeTime;
				PRODUCT_NAME = "$(TARGET_NAME)";
				SWIFT_VERSION = 4.0;
				TARGETED_DEVICE_FAMILY = "1,2";
			};
			name = Release;
		};
		0445FA071FCCFABA004E6920 /* Debug */ = {
			isa = XCBuildConfiguration;
			buildSettings = {
				ALWAYS_EMBED_SWIFT_STANDARD_LIBRARIES = YES;
				BUNDLE_LOADER = "$(TEST_HOST)";
				CODE_SIGN_STYLE = Automatic;
				INFOPLIST_FILE = BakeTimeTests/Info.plist;
				LD_RUNPATH_SEARCH_PATHS = "$(inherited) @executable_path/Frameworks @loader_path/Frameworks";
				PRODUCT_BUNDLE_IDENTIFIER = lyy.BakeTimeTests;
				PRODUCT_NAME = "$(TARGET_NAME)";
				SWIFT_VERSION = 4.0;
				TARGETED_DEVICE_FAMILY = "1,2";
				TEST_HOST = "$(BUILT_PRODUCTS_DIR)/BakeTime.app/BakeTime";
			};
			name = Debug;
		};
		0445FA081FCCFABA004E6920 /* Release */ = {
			isa = XCBuildConfiguration;
			buildSettings = {
				ALWAYS_EMBED_SWIFT_STANDARD_LIBRARIES = YES;
				BUNDLE_LOADER = "$(TEST_HOST)";
				CODE_SIGN_STYLE = Automatic;
				INFOPLIST_FILE = BakeTimeTests/Info.plist;
				LD_RUNPATH_SEARCH_PATHS = "$(inherited) @executable_path/Frameworks @loader_path/Frameworks";
				PRODUCT_BUNDLE_IDENTIFIER = lyy.BakeTimeTests;
				PRODUCT_NAME = "$(TARGET_NAME)";
				SWIFT_VERSION = 4.0;
				TARGETED_DEVICE_FAMILY = "1,2";
				TEST_HOST = "$(BUILT_PRODUCTS_DIR)/BakeTime.app/BakeTime";
			};
			name = Release;
		};
		0445FA0A1FCCFABA004E6920 /* Debug */ = {
			isa = XCBuildConfiguration;
			buildSettings = {
				ALWAYS_EMBED_SWIFT_STANDARD_LIBRARIES = YES;
				CODE_SIGN_STYLE = Automatic;
				INFOPLIST_FILE = BakeTimeUITests/Info.plist;
				LD_RUNPATH_SEARCH_PATHS = "$(inherited) @executable_path/Frameworks @loader_path/Frameworks";
				PRODUCT_BUNDLE_IDENTIFIER = lyy.BakeTimeUITests;
				PRODUCT_NAME = "$(TARGET_NAME)";
				SWIFT_VERSION = 4.0;
				TARGETED_DEVICE_FAMILY = "1,2";
				TEST_TARGET_NAME = BakeTime;
			};
			name = Debug;
		};
		0445FA0B1FCCFABA004E6920 /* Release */ = {
			isa = XCBuildConfiguration;
			buildSettings = {
				ALWAYS_EMBED_SWIFT_STANDARD_LIBRARIES = YES;
				CODE_SIGN_STYLE = Automatic;
				INFOPLIST_FILE = BakeTimeUITests/Info.plist;
				LD_RUNPATH_SEARCH_PATHS = "$(inherited) @executable_path/Frameworks @loader_path/Frameworks";
				PRODUCT_BUNDLE_IDENTIFIER = lyy.BakeTimeUITests;
				PRODUCT_NAME = "$(TARGET_NAME)";
				SWIFT_VERSION = 4.0;
				TARGETED_DEVICE_FAMILY = "1,2";
				TEST_TARGET_NAME = BakeTime;
			};
			name = Release;
		};
/* End XCBuildConfiguration section */

/* Begin XCConfigurationList section */
		0445F9D61FCCFABA004E6920 /* Build configuration list for PBXProject "BakeTime" */ = {
			isa = XCConfigurationList;
			buildConfigurations = (
				0445FA011FCCFABA004E6920 /* Debug */,
				0445FA021FCCFABA004E6920 /* Release */,
			);
			defaultConfigurationIsVisible = 0;
			defaultConfigurationName = Release;
		};
		0445FA031FCCFABA004E6920 /* Build configuration list for PBXNativeTarget "BakeTime" */ = {
			isa = XCConfigurationList;
			buildConfigurations = (
				0445FA041FCCFABA004E6920 /* Debug */,
				0445FA051FCCFABA004E6920 /* Release */,
			);
			defaultConfigurationIsVisible = 0;
			defaultConfigurationName = Release;
		};
		0445FA061FCCFABA004E6920 /* Build configuration list for PBXNativeTarget "BakeTimeTests" */ = {
			isa = XCConfigurationList;
			buildConfigurations = (
				0445FA071FCCFABA004E6920 /* Debug */,
				0445FA081FCCFABA004E6920 /* Release */,
			);
			defaultConfigurationIsVisible = 0;
			defaultConfigurationName = Release;
		};
		0445FA091FCCFABA004E6920 /* Build configuration list for PBXNativeTarget "BakeTimeUITests" */ = {
			isa = XCConfigurationList;
			buildConfigurations = (
				0445FA0A1FCCFABA004E6920 /* Debug */,
				0445FA0B1FCCFABA004E6920 /* Release */,
			);
			defaultConfigurationIsVisible = 0;
			defaultConfigurationName = Release;
		};
/* End XCConfigurationList section */
	};
	rootObject = 0445F9D31FCCFABA004E6920 /* Project object */;
}
