// !$*UTF8*$!
{
	archiveVersion = 1;
	classes = {
	};
	objectVersion = 48;
	objects = {

/* Begin PBXBuildFile section */
		041C35DB1FFF7E120059CF77 /* SpringCollectionViewFlowLayout.swift in Sources */ = {isa = PBXBuildFile; fileRef = 041C35DA1FFF7E120059CF77 /* SpringCollectionViewFlowLayout.swift */; };
		041C35DD200278F30059CF77 /* PublicMacros.swift in Sources */ = {isa = PBXBuildFile; fileRef = 041C35DC200278F30059CF77 /* PublicMacros.swift */; };
		041C35DE2002795B0059CF77 /* Dictionary+Extension.swift in Sources */ = {isa = PBXBuildFile; fileRef = 0445FA171FCD038F004E6920 /* Dictionary+Extension.swift */; };
		041C35DF2002795B0059CF77 /* UIDevice+DeviceName.swift in Sources */ = {isa = PBXBuildFile; fileRef = 0445FA161FCD0386004E6920 /* UIDevice+DeviceName.swift */; };
		0445F9E41FCCFABA004E6920 /* Main.storyboard in Resources */ = {isa = PBXBuildFile; fileRef = 0445F9E21FCCFABA004E6920 /* Main.storyboard */; };
		0445F9E61FCCFABA004E6920 /* Assets.xcassets in Resources */ = {isa = PBXBuildFile; fileRef = 0445F9E51FCCFABA004E6920 /* Assets.xcassets */; };
		0445F9E91FCCFABA004E6920 /* LaunchScreen.storyboard in Resources */ = {isa = PBXBuildFile; fileRef = 0445F9E71FCCFABA004E6920 /* LaunchScreen.storyboard */; };
		0445F9F41FCCFABA004E6920 /* BakeTimeTests.swift in Sources */ = {isa = PBXBuildFile; fileRef = 0445F9F31FCCFABA004E6920 /* BakeTimeTests.swift */; };
		0445F9FF1FCCFABA004E6920 /* BakeTimeUITests.swift in Sources */ = {isa = PBXBuildFile; fileRef = 0445F9FE1FCCFABA004E6920 /* BakeTimeUITests.swift */; };
		0445FA131FCD013B004E6920 /* ViewController.swift in Sources */ = {isa = PBXBuildFile; fileRef = 0445FA121FCD013A004E6920 /* ViewController.swift */; };
		0445FA151FCD0144004E6920 /* AppDelegate.swift in Sources */ = {isa = PBXBuildFile; fileRef = 0445FA141FCD0144004E6920 /* AppDelegate.swift */; };
		0445FA191FCD54B8004E6920 /* BaseNavigationController.swift in Sources */ = {isa = PBXBuildFile; fileRef = 0445FA181FCD54B8004E6920 /* BaseNavigationController.swift */; };
		0445FA1B1FCD6B0F004E6920 /* BaseViewController.swift in Sources */ = {isa = PBXBuildFile; fileRef = 0445FA1A1FCD6B0F004E6920 /* BaseViewController.swift */; };
		0445FA1D1FCD7137004E6920 /* BaseTabBarController.swift in Sources */ = {isa = PBXBuildFile; fileRef = 0445FA1C1FCD7137004E6920 /* BaseTabBarController.swift */; };
		04B4C6CF1FFA8303006CEA4A /* PullToRefresh.swift in Sources */ = {isa = PBXBuildFile; fileRef = 04B4C6C71FFA8302006CEA4A /* PullToRefresh.swift */; };
		04B4C6D01FFA8303006CEA4A /* DefaultRefreshView.swift in Sources */ = {isa = PBXBuildFile; fileRef = 04B4C6C81FFA8302006CEA4A /* DefaultRefreshView.swift */; };
		04B4C6D11FFA8303006CEA4A /* WriteAnimatior.swift in Sources */ = {isa = PBXBuildFile; fileRef = 04B4C6C91FFA8302006CEA4A /* WriteAnimatior.swift */; };
		04B4C6D21FFA8303006CEA4A /* RefreshViewAnimator.swift in Sources */ = {isa = PBXBuildFile; fileRef = 04B4C6CA1FFA8302006CEA4A /* RefreshViewAnimator.swift */; };
		04B4C6D31FFA8303006CEA4A /* State.swift in Sources */ = {isa = PBXBuildFile; fileRef = 04B4C6CB1FFA8302006CEA4A /* State.swift */; };
		04B4C6D41FFA8303006CEA4A /* UIScrollView+PullToRefresh.swift in Sources */ = {isa = PBXBuildFile; fileRef = 04B4C6CC1FFA8302006CEA4A /* UIScrollView+PullToRefresh.swift */; };
		04B4C6D51FFA8303006CEA4A /* WriteRefreshView.swift in Sources */ = {isa = PBXBuildFile; fileRef = 04B4C6CD1FFA8303006CEA4A /* WriteRefreshView.swift */; };
		04B4C6D61FFA8303006CEA4A /* DefaultViewAnimator.swift in Sources */ = {isa = PBXBuildFile; fileRef = 04B4C6CE1FFA8303006CEA4A /* DefaultViewAnimator.swift */; };
		04DBAB951FD633450083B9FF /* iconfont.ttf in Resources */ = {isa = PBXBuildFile; fileRef = 04DBAB941FD59EB50083B9FF /* iconfont.ttf */; };
		04DBAB991FD63A1A0083B9FF /* IconFont.swift in Sources */ = {isa = PBXBuildFile; fileRef = 04DBAB971FD63A1A0083B9FF /* IconFont.swift */; };
		04DBAB9A1FD63A1A0083B9FF /* IconFontEnum.swift in Sources */ = {isa = PBXBuildFile; fileRef = 04DBAB981FD63A1A0083B9FF /* IconFontEnum.swift */; };
		04DBAB9C1FD644B10083B9FF /* UIColor+Extension.swift in Sources */ = {isa = PBXBuildFile; fileRef = 04DBAB9B1FD644B10083B9FF /* UIColor+Extension.swift */; };
		04DBAB9E1FD647370083B9FF /* UIImage+Extension.swift in Sources */ = {isa = PBXBuildFile; fileRef = 04DBAB9D1FD647370083B9FF /* UIImage+Extension.swift */; };
		04DBABA01FD668B60083B9FF /* UIConfig.swift in Sources */ = {isa = PBXBuildFile; fileRef = 04DBAB9F1FD668B60083B9FF /* UIConfig.swift */; };
		04DBABA21FD6A98C0083B9FF /* UIView+Extension.swift in Sources */ = {isa = PBXBuildFile; fileRef = 04DBABA11FD6A98C0083B9FF /* UIView+Extension.swift */; };
		04E734B41FD54A9600073253 /* RecommendController.swift in Sources */ = {isa = PBXBuildFile; fileRef = 04E734B31FD54A9600073253 /* RecommendController.swift */; };
		04E734B61FD54AA800073253 /* MeController.swift in Sources */ = {isa = PBXBuildFile; fileRef = 04E734B51FD54AA800073253 /* MeController.swift */; };
		04E734B81FD54AB600073253 /* CollectController.swift in Sources */ = {isa = PBXBuildFile; fileRef = 04E734B71FD54AB600073253 /* CollectController.swift */; };
		04E734BA1FD54AD300073253 /* ClassController.swift in Sources */ = {isa = PBXBuildFile; fileRef = 04E734B91FD54AD300073253 /* ClassController.swift */; };
		2EDE6F4BA4CE7BC81B672A4B /* Pods_BakeTime.framework in Frameworks */ = {isa = PBXBuildFile; fileRef = 25879BED337578CF178D4B10 /* Pods_BakeTime.framework */; };
		D8076B0020052007009C1075 /* BubbleTransition.swift in Sources */ = {isa = PBXBuildFile; fileRef = D8076AFF20052006009C1075 /* BubbleTransition.swift */; };
/* End PBXBuildFile section */

/* Begin PBXContainerItemProxy section */
		0445F9F01FCCFABA004E6920 /* PBXContainerItemProxy */ = {
			isa = PBXContainerItemProxy;
			containerPortal = 0445F9D31FCCFABA004E6920 /* Project object */;
			proxyType = 1;
			remoteGlobalIDString = 0445F9DA1FCCFABA004E6920;
			remoteInfo = BakeTime;
		};
		0445F9FB1FCCFABA004E6920 /* PBXContainerItemProxy */ = {
			isa = PBXContainerItemProxy;
			containerPortal = 0445F9D31FCCFABA004E6920 /* Project object */;
			proxyType = 1;
			remoteGlobalIDString = 0445F9DA1FCCFABA004E6920;
			remoteInfo = BakeTime;
		};
/* End PBXContainerItemProxy section */

/* Begin PBXFileReference section */
		041C35DA1FFF7E120059CF77 /* SpringCollectionViewFlowLayout.swift */ = {isa = PBXFileReference; lastKnownFileType = sourcecode.swift; path = SpringCollectionViewFlowLayout.swift; sourceTree = "<group>"; };
		041C35DC200278F30059CF77 /* PublicMacros.swift */ = {isa = PBXFileReference; lastKnownFileType = sourcecode.swift; path = PublicMacros.swift; sourceTree = "<group>"; };
		0445F9DB1FCCFABA004E6920 /* BakeTime.app */ = {isa = PBXFileReference; explicitFileType = wrapper.application; includeInIndex = 0; path = BakeTime.app; sourceTree = BUILT_PRODUCTS_DIR; };
		0445F9E31FCCFABA004E6920 /* Base */ = {isa = PBXFileReference; lastKnownFileType = file.storyboard; name = Base; path = Base.lproj/Main.storyboard; sourceTree = "<group>"; };
		0445F9E51FCCFABA004E6920 /* Assets.xcassets */ = {isa = PBXFileReference; lastKnownFileType = folder.assetcatalog; path = Assets.xcassets; sourceTree = "<group>"; };
		0445F9E81FCCFABA004E6920 /* Base */ = {isa = PBXFileReference; lastKnownFileType = file.storyboard; name = Base; path = Base.lproj/LaunchScreen.storyboard; sourceTree = "<group>"; };
		0445F9EA1FCCFABA004E6920 /* Info.plist */ = {isa = PBXFileReference; lastKnownFileType = text.plist.xml; path = Info.plist; sourceTree = "<group>"; };
		0445F9EF1FCCFABA004E6920 /* BakeTimeTests.xctest */ = {isa = PBXFileReference; explicitFileType = wrapper.cfbundle; includeInIndex = 0; path = BakeTimeTests.xctest; sourceTree = BUILT_PRODUCTS_DIR; };
		0445F9F31FCCFABA004E6920 /* BakeTimeTests.swift */ = {isa = PBXFileReference; lastKnownFileType = sourcecode.swift; path = BakeTimeTests.swift; sourceTree = "<group>"; };
		0445F9F51FCCFABA004E6920 /* Info.plist */ = {isa = PBXFileReference; lastKnownFileType = text.plist.xml; path = Info.plist; sourceTree = "<group>"; };
		0445F9FA1FCCFABA004E6920 /* BakeTimeUITests.xctest */ = {isa = PBXFileReference; explicitFileType = wrapper.cfbundle; includeInIndex = 0; path = BakeTimeUITests.xctest; sourceTree = BUILT_PRODUCTS_DIR; };
		0445F9FE1FCCFABA004E6920 /* BakeTimeUITests.swift */ = {isa = PBXFileReference; lastKnownFileType = sourcecode.swift; path = BakeTimeUITests.swift; sourceTree = "<group>"; };
		0445FA001FCCFABA004E6920 /* Info.plist */ = {isa = PBXFileReference; lastKnownFileType = text.plist.xml; path = Info.plist; sourceTree = "<group>"; };
		0445FA111FCD013A004E6920 /* BakeTime-Bridging-Header.h */ = {isa = PBXFileReference; lastKnownFileType = sourcecode.c.h; path = "BakeTime-Bridging-Header.h"; sourceTree = "<group>"; };
		0445FA121FCD013A004E6920 /* ViewController.swift */ = {isa = PBXFileReference; fileEncoding = 4; lastKnownFileType = sourcecode.swift; path = ViewController.swift; sourceTree = "<group>"; };
		0445FA141FCD0144004E6920 /* AppDelegate.swift */ = {isa = PBXFileReference; fileEncoding = 4; lastKnownFileType = sourcecode.swift; path = AppDelegate.swift; sourceTree = "<group>"; };
		0445FA161FCD0386004E6920 /* UIDevice+DeviceName.swift */ = {isa = PBXFileReference; lastKnownFileType = sourcecode.swift; path = "UIDevice+DeviceName.swift"; sourceTree = "<group>"; };
		0445FA171FCD038F004E6920 /* Dictionary+Extension.swift */ = {isa = PBXFileReference; lastKnownFileType = sourcecode.swift; path = "Dictionary+Extension.swift"; sourceTree = "<group>"; };
		0445FA181FCD54B8004E6920 /* BaseNavigationController.swift */ = {isa = PBXFileReference; lastKnownFileType = sourcecode.swift; path = BaseNavigationController.swift; sourceTree = "<group>"; };
		0445FA1A1FCD6B0F004E6920 /* BaseViewController.swift */ = {isa = PBXFileReference; lastKnownFileType = sourcecode.swift; path = BaseViewController.swift; sourceTree = "<group>"; };
		0445FA1C1FCD7137004E6920 /* BaseTabBarController.swift */ = {isa = PBXFileReference; lastKnownFileType = sourcecode.swift; path = BaseTabBarController.swift; sourceTree = "<group>"; };
		04B4C6C71FFA8302006CEA4A /* PullToRefresh.swift */ = {isa = PBXFileReference; fileEncoding = 4; lastKnownFileType = sourcecode.swift; path = PullToRefresh.swift; sourceTree = "<group>"; };
		04B4C6C81FFA8302006CEA4A /* DefaultRefreshView.swift */ = {isa = PBXFileReference; fileEncoding = 4; lastKnownFileType = sourcecode.swift; path = DefaultRefreshView.swift; sourceTree = "<group>"; };
		04B4C6C91FFA8302006CEA4A /* WriteAnimatior.swift */ = {isa = PBXFileReference; fileEncoding = 4; lastKnownFileType = sourcecode.swift; path = WriteAnimatior.swift; sourceTree = "<group>"; };
		04B4C6CA1FFA8302006CEA4A /* RefreshViewAnimator.swift */ = {isa = PBXFileReference; fileEncoding = 4; lastKnownFileType = sourcecode.swift; path = RefreshViewAnimator.swift; sourceTree = "<group>"; };
		04B4C6CB1FFA8302006CEA4A /* State.swift */ = {isa = PBXFileReference; fileEncoding = 4; lastKnownFileType = sourcecode.swift; path = State.swift; sourceTree = "<group>"; };
		04B4C6CC1FFA8302006CEA4A /* UIScrollView+PullToRefresh.swift */ = {isa = PBXFileReference; fileEncoding = 4; lastKnownFileType = sourcecode.swift; path = "UIScrollView+PullToRefresh.swift"; sourceTree = "<group>"; };
		04B4C6CD1FFA8303006CEA4A /* WriteRefreshView.swift */ = {isa = PBXFileReference; fileEncoding = 4; lastKnownFileType = sourcecode.swift; path = WriteRefreshView.swift; sourceTree = "<group>"; };
		04B4C6CE1FFA8303006CEA4A /* DefaultViewAnimator.swift */ = {isa = PBXFileReference; fileEncoding = 4; lastKnownFileType = sourcecode.swift; path = DefaultViewAnimator.swift; sourceTree = "<group>"; };
		04DBAB941FD59EB50083B9FF /* iconfont.ttf */ = {isa = PBXFileReference; lastKnownFileType = file; path = iconfont.ttf; sourceTree = "<group>"; };
		04DBAB971FD63A1A0083B9FF /* IconFont.swift */ = {isa = PBXFileReference; fileEncoding = 4; lastKnownFileType = sourcecode.swift; path = IconFont.swift; sourceTree = "<group>"; };
		04DBAB981FD63A1A0083B9FF /* IconFontEnum.swift */ = {isa = PBXFileReference; fileEncoding = 4; lastKnownFileType = sourcecode.swift; path = IconFontEnum.swift; sourceTree = "<group>"; };
		04DBAB9B1FD644B10083B9FF /* UIColor+Extension.swift */ = {isa = PBXFileReference; lastKnownFileType = sourcecode.swift; path = "UIColor+Extension.swift"; sourceTree = "<group>"; };
		04DBAB9D1FD647370083B9FF /* UIImage+Extension.swift */ = {isa = PBXFileReference; lastKnownFileType = sourcecode.swift; path = "UIImage+Extension.swift"; sourceTree = "<group>"; };
		04DBAB9F1FD668B60083B9FF /* UIConfig.swift */ = {isa = PBXFileReference; lastKnownFileType = sourcecode.swift; path = UIConfig.swift; sourceTree = "<group>"; };
		04DBABA11FD6A98C0083B9FF /* UIView+Extension.swift */ = {isa = PBXFileReference; lastKnownFileType = sourcecode.swift; path = "UIView+Extension.swift"; sourceTree = "<group>"; };
		04E734A81FD544BB00073253 /* WRCustomNavigationBar.swift */ = {isa = PBXFileReference; lastKnownFileType = sourcecode.swift; path = WRCustomNavigationBar.swift; sourceTree = "<group>"; };
		04E734AD1FD544BB00073253 /* WRNavigationBar.swift */ = {isa = PBXFileReference; lastKnownFileType = sourcecode.swift; path = WRNavigationBar.swift; sourceTree = "<group>"; };
		04E734B31FD54A9600073253 /* RecommendController.swift */ = {isa = PBXFileReference; lastKnownFileType = sourcecode.swift; path = RecommendController.swift; sourceTree = "<group>"; };
		04E734B51FD54AA800073253 /* MeController.swift */ = {isa = PBXFileReference; lastKnownFileType = sourcecode.swift; path = MeController.swift; sourceTree = "<group>"; };
		04E734B71FD54AB600073253 /* CollectController.swift */ = {isa = PBXFileReference; lastKnownFileType = sourcecode.swift; path = CollectController.swift; sourceTree = "<group>"; };
		04E734B91FD54AD300073253 /* ClassController.swift */ = {isa = PBXFileReference; lastKnownFileType = sourcecode.swift; path = ClassController.swift; sourceTree = "<group>"; };
		25879BED337578CF178D4B10 /* Pods_BakeTime.framework */ = {isa = PBXFileReference; explicitFileType = wrapper.framework; includeInIndex = 0; path = Pods_BakeTime.framework; sourceTree = BUILT_PRODUCTS_DIR; };
		79DF60E36C1D45812F283F79 /* Pods-BakeTime.release.xcconfig */ = {isa = PBXFileReference; includeInIndex = 1; lastKnownFileType = text.xcconfig; name = "Pods-BakeTime.release.xcconfig"; path = "Pods/Target Support Files/Pods-BakeTime/Pods-BakeTime.release.xcconfig"; sourceTree = "<group>"; };
		D8076AFF20052006009C1075 /* BubbleTransition.swift */ = {isa = PBXFileReference; fileEncoding = 4; lastKnownFileType = sourcecode.swift; path = BubbleTransition.swift; sourceTree = "<group>"; };
		F54F139CC98751F4EAD1288E /* Pods-BakeTime.debug.xcconfig */ = {isa = PBXFileReference; includeInIndex = 1; lastKnownFileType = text.xcconfig; name = "Pods-BakeTime.debug.xcconfig"; path = "Pods/Target Support Files/Pods-BakeTime/Pods-BakeTime.debug.xcconfig"; sourceTree = "<group>"; };
/* End PBXFileReference section */

/* Begin PBXFrameworksBuildPhase section */
		0445F9D81FCCFABA004E6920 /* Frameworks */ = {
			isa = PBXFrameworksBuildPhase;
			buildActionMask = 2147483647;
			files = (
				2EDE6F4BA4CE7BC81B672A4B /* Pods_BakeTime.framework in Frameworks */,
			);
			runOnlyForDeploymentPostprocessing = 0;
		};
		0445F9EC1FCCFABA004E6920 /* Frameworks */ = {
			isa = PBXFrameworksBuildPhase;
			buildActionMask = 2147483647;
			files = (
			);
			runOnlyForDeploymentPostprocessing = 0;
		};
		0445F9F71FCCFABA004E6920 /* Frameworks */ = {
			isa = PBXFrameworksBuildPhase;
			buildActionMask = 2147483647;
			files = (
			);
			runOnlyForDeploymentPostprocessing = 0;
		};
/* End PBXFrameworksBuildPhase section */

/* Begin PBXGroup section */
		04081DC21FF7FD6C006D3298 /* Tools */ = {
			isa = PBXGroup;
			children = (
				D8076AFF20052006009C1075 /* BubbleTransition.swift */,
				041C35D91FFF7DE30059CF77 /* CollectionViewFlowLayout */,
				04B4C6C61FFA82C5006CEA4A /* PullToRefresh */,
				041C35DC200278F30059CF77 /* PublicMacros.swift */,
			);
			path = Tools;
			sourceTree = "<group>";
		};
		041C35D91FFF7DE30059CF77 /* CollectionViewFlowLayout */ = {
			isa = PBXGroup;
			children = (
				041C35DA1FFF7E120059CF77 /* SpringCollectionViewFlowLayout.swift */,
			);
			path = CollectionViewFlowLayout;
			sourceTree = "<group>";
		};
		0445F9D21FCCFABA004E6920 = {
			isa = PBXGroup;
			children = (
				0445F9DD1FCCFABA004E6920 /* BakeTime */,
				0445F9F21FCCFABA004E6920 /* BakeTimeTests */,
				0445F9FD1FCCFABA004E6920 /* BakeTimeUITests */,
				0445F9DC1FCCFABA004E6920 /* Products */,
				C0907563F9F02BAE7F5DDDDA /* Pods */,
				D57F422EBAC9B4FE92D4866C /* Frameworks */,
			);
			sourceTree = "<group>";
		};
		0445F9DC1FCCFABA004E6920 /* Products */ = {
			isa = PBXGroup;
			children = (
				0445F9DB1FCCFABA004E6920 /* BakeTime.app */,
				0445F9EF1FCCFABA004E6920 /* BakeTimeTests.xctest */,
				0445F9FA1FCCFABA004E6920 /* BakeTimeUITests.xctest */,
			);
			name = Products;
			sourceTree = "<group>";
		};
		0445F9DD1FCCFABA004E6920 /* BakeTime */ = {
			isa = PBXGroup;
			children = (
				0445FA0D1FCD00AE004E6920 /* Framework */,
				0445FA0E1FCD00AE004E6920 /* Source */,
				0445F9E21FCCFABA004E6920 /* Main.storyboard */,
				0445F9E51FCCFABA004E6920 /* Assets.xcassets */,
				0445F9E71FCCFABA004E6920 /* LaunchScreen.storyboard */,
				04DBAB941FD59EB50083B9FF /* iconfont.ttf */,
				0445F9EA1FCCFABA004E6920 /* Info.plist */,
			);
			path = BakeTime;
			sourceTree = "<group>";
		};
		0445F9F21FCCFABA004E6920 /* BakeTimeTests */ = {
			isa = PBXGroup;
			children = (
				0445F9F31FCCFABA004E6920 /* BakeTimeTests.swift */,
				0445F9F51FCCFABA004E6920 /* Info.plist */,
			);
			path = BakeTimeTests;
			sourceTree = "<group>";
		};
		0445F9FD1FCCFABA004E6920 /* BakeTimeUITests */ = {
			isa = PBXGroup;
			children = (
				0445F9FE1FCCFABA004E6920 /* BakeTimeUITests.swift */,
				0445FA001FCCFABA004E6920 /* Info.plist */,
			);
			path = BakeTimeUITests;
			sourceTree = "<group>";
		};
		0445FA0D1FCD00AE004E6920 /* Framework */ = {
			isa = PBXGroup;
			children = (
			);
			path = Framework;
			sourceTree = "<group>";
		};
		0445FA0E1FCD00AE004E6920 /* Source */ = {
			isa = PBXGroup;
			children = (
				04081DC21FF7FD6C006D3298 /* Tools */,
				04E734AE1FD54A0000073253 /* Tabbars */,
				0445FA141FCD0144004E6920 /* AppDelegate.swift */,
				0445FA121FCD013A004E6920 /* ViewController.swift */,
				0445FA0F1FCD00AE004E6920 /* BaseControllers */,
				0445FA101FCD00AE004E6920 /* Helpers */,
				04E734A61FD544A600073253 /* BaseViews */,
				0445FA111FCD013A004E6920 /* BakeTime-Bridging-Header.h */,
				04DBAB9F1FD668B60083B9FF /* UIConfig.swift */,
			);
			path = Source;
			sourceTree = "<group>";
		};
		0445FA0F1FCD00AE004E6920 /* BaseControllers */ = {
			isa = PBXGroup;
			children = (
				0445FA181FCD54B8004E6920 /* BaseNavigationController.swift */,
				0445FA1A1FCD6B0F004E6920 /* BaseViewController.swift */,
				0445FA1C1FCD7137004E6920 /* BaseTabBarController.swift */,
			);
			path = BaseControllers;
			sourceTree = "<group>";
		};
		0445FA101FCD00AE004E6920 /* Helpers */ = {
			isa = PBXGroup;
			children = (
				04DBAB961FD63A1A0083B9FF /* Iconfont */,
				0445FA171FCD038F004E6920 /* Dictionary+Extension.swift */,
				04DBABA11FD6A98C0083B9FF /* UIView+Extension.swift */,
				04DBAB9B1FD644B10083B9FF /* UIColor+Extension.swift */,
				04DBAB9D1FD647370083B9FF /* UIImage+Extension.swift */,
				0445FA161FCD0386004E6920 /* UIDevice+DeviceName.swift */,
			);
			path = Helpers;
			sourceTree = "<group>";
		};
		04B4C6C61FFA82C5006CEA4A /* PullToRefresh */ = {
			isa = PBXGroup;
			children = (
				04B4C6C81FFA8302006CEA4A /* DefaultRefreshView.swift */,
				04B4C6CE1FFA8303006CEA4A /* DefaultViewAnimator.swift */,
				04B4C6C71FFA8302006CEA4A /* PullToRefresh.swift */,
				04B4C6CD1FFA8303006CEA4A /* WriteRefreshView.swift */,
				04B4C6CA1FFA8302006CEA4A /* RefreshViewAnimator.swift */,
				04B4C6CB1FFA8302006CEA4A /* State.swift */,
				04B4C6CC1FFA8302006CEA4A /* UIScrollView+PullToRefresh.swift */,
				04B4C6C91FFA8302006CEA4A /* WriteAnimatior.swift */,
			);
			path = PullToRefresh;
			sourceTree = "<group>";
		};
		04DBAB961FD63A1A0083B9FF /* Iconfont */ = {
			isa = PBXGroup;
			children = (
				04DBAB971FD63A1A0083B9FF /* IconFont.swift */,
				04DBAB981FD63A1A0083B9FF /* IconFontEnum.swift */,
			);
			path = Iconfont;
			sourceTree = "<group>";
		};
		04E734A61FD544A600073253 /* BaseViews */ = {
			isa = PBXGroup;
			children = (
				04E734A71FD544BB00073253 /* BaseNavigationBar */,
			);
			path = BaseViews;
			sourceTree = "<group>";
		};
		04E734A71FD544BB00073253 /* BaseNavigationBar */ = {
			isa = PBXGroup;
			children = (
				04E734A81FD544BB00073253 /* WRCustomNavigationBar.swift */,
				04E734AD1FD544BB00073253 /* WRNavigationBar.swift */,
			);
			name = BaseNavigationBar;
			path = "../../../../../../Downloads/WRNavigationBar_swift-master/WRNavigationBar_swift/WRNavigationBar_swift/BaseNavigationBar";
			sourceTree = "<group>";
		};
		04E734AE1FD54A0000073253 /* Tabbars */ = {
			isa = PBXGroup;
			children = (
				04E734AF1FD54A6700073253 /* Class */,
				04E734B01FD54A6700073253 /* Collect */,
				04E734B11FD54A6700073253 /* Mine */,
				04E734B21FD54A6700073253 /* Recommend */,
			);
			path = Tabbars;
			sourceTree = "<group>";
		};
		04E734AF1FD54A6700073253 /* Class */ = {
			isa = PBXGroup;
			children = (
				04E734B91FD54AD300073253 /* ClassController.swift */,
			);
			path = Class;
			sourceTree = "<group>";
		};
		04E734B01FD54A6700073253 /* Collect */ = {
			isa = PBXGroup;
			children = (
				04E734B71FD54AB600073253 /* CollectController.swift */,
			);
			path = Collect;
			sourceTree = "<group>";
		};
		04E734B11FD54A6700073253 /* Mine */ = {
			isa = PBXGroup;
			children = (
				04E734B51FD54AA800073253 /* MeController.swift */,
			);
			path = Mine;
			sourceTree = "<group>";
		};
		04E734B21FD54A6700073253 /* Recommend */ = {
			isa = PBXGroup;
			children = (
				04E734B31FD54A9600073253 /* RecommendController.swift */,
			);
			path = Recommend;
			sourceTree = "<group>";
		};
		C0907563F9F02BAE7F5DDDDA /* Pods */ = {
			isa = PBXGroup;
			children = (
				F54F139CC98751F4EAD1288E /* Pods-BakeTime.debug.xcconfig */,
				79DF60E36C1D45812F283F79 /* Pods-BakeTime.release.xcconfig */,
			);
			name = Pods;
			sourceTree = "<group>";
		};
		D57F422EBAC9B4FE92D4866C /* Frameworks */ = {
			isa = PBXGroup;
			children = (
				25879BED337578CF178D4B10 /* Pods_BakeTime.framework */,
			);
			name = Frameworks;
			sourceTree = "<group>";
		};
/* End PBXGroup section */

/* Begin PBXNativeTarget section */
		0445F9DA1FCCFABA004E6920 /* BakeTime */ = {
			isa = PBXNativeTarget;
			buildConfigurationList = 0445FA031FCCFABA004E6920 /* Build configuration list for PBXNativeTarget "BakeTime" */;
			buildPhases = (
				61CEF1EC82AF78118BAB1B40 /* [CP] Check Pods Manifest.lock */,
				0445F9D71FCCFABA004E6920 /* Sources */,
				0445F9D81FCCFABA004E6920 /* Frameworks */,
				0445F9D91FCCFABA004E6920 /* Resources */,
				BD1239D4FEF316A307159E23 /* [CP] Embed Pods Frameworks */,
				30766692F162972700EB6A96 /* [CP] Copy Pods Resources */,
			);
			buildRules = (
			);
			dependencies = (
			);
			name = BakeTime;
			productName = BakeTime;
			productReference = 0445F9DB1FCCFABA004E6920 /* BakeTime.app */;
			productType = "com.apple.product-type.application";
		};
		0445F9EE1FCCFABA004E6920 /* BakeTimeTests */ = {
			isa = PBXNativeTarget;
			buildConfigurationList = 0445FA061FCCFABA004E6920 /* Build configuration list for PBXNativeTarget "BakeTimeTests" */;
			buildPhases = (
				0445F9EB1FCCFABA004E6920 /* Sources */,
				0445F9EC1FCCFABA004E6920 /* Frameworks */,
				0445F9ED1FCCFABA004E6920 /* Resources */,
			);
			buildRules = (
			);
			dependencies = (
				0445F9F11FCCFABA004E6920 /* PBXTargetDependency */,
			);
			name = BakeTimeTests;
			productName = BakeTimeTests;
			productReference = 0445F9EF1FCCFABA004E6920 /* BakeTimeTests.xctest */;
			productType = "com.apple.product-type.bundle.unit-test";
		};
		0445F9F91FCCFABA004E6920 /* BakeTimeUITests */ = {
			isa = PBXNativeTarget;
			buildConfigurationList = 0445FA091FCCFABA004E6920 /* Build configuration list for PBXNativeTarget "BakeTimeUITests" */;
			buildPhases = (
				0445F9F61FCCFABA004E6920 /* Sources */,
				0445F9F71FCCFABA004E6920 /* Frameworks */,
				0445F9F81FCCFABA004E6920 /* Resources */,
			);
			buildRules = (
			);
			dependencies = (
				0445F9FC1FCCFABA004E6920 /* PBXTargetDependency */,
			);
			name = BakeTimeUITests;
			productName = BakeTimeUITests;
			productReference = 0445F9FA1FCCFABA004E6920 /* BakeTimeUITests.xctest */;
			productType = "com.apple.product-type.bundle.ui-testing";
		};
/* End PBXNativeTarget section */

/* Begin PBXProject section */
		0445F9D31FCCFABA004E6920 /* Project object */ = {
			isa = PBXProject;
			attributes = {
				LastSwiftUpdateCheck = 0900;
				LastUpgradeCheck = 0900;
				ORGANIZATIONNAME = lyy;
				TargetAttributes = {
					0445F9DA1FCCFABA004E6920 = {
						CreatedOnToolsVersion = 9.0;
						LastSwiftMigration = 0900;
						ProvisioningStyle = Manual;
					};
					0445F9EE1FCCFABA004E6920 = {
						CreatedOnToolsVersion = 9.0;
						ProvisioningStyle = Automatic;
						TestTargetID = 0445F9DA1FCCFABA004E6920;
					};
					0445F9F91FCCFABA004E6920 = {
						CreatedOnToolsVersion = 9.0;
						ProvisioningStyle = Automatic;
						TestTargetID = 0445F9DA1FCCFABA004E6920;
					};
				};
			};
			buildConfigurationList = 0445F9D61FCCFABA004E6920 /* Build configuration list for PBXProject "BakeTime" */;
			compatibilityVersion = "Xcode 8.0";
			developmentRegion = en;
			hasScannedForEncodings = 0;
			knownRegions = (
				en,
				Base,
			);
			mainGroup = 0445F9D21FCCFABA004E6920;
			productRefGroup = 0445F9DC1FCCFABA004E6920 /* Products */;
			projectDirPath = "";
			projectRoot = "";
			targets = (
				0445F9DA1FCCFABA004E6920 /* BakeTime */,
				0445F9EE1FCCFABA004E6920 /* BakeTimeTests */,
				0445F9F91FCCFABA004E6920 /* BakeTimeUITests */,
			);
		};
/* End PBXProject section */

/* Begin PBXResourcesBuildPhase section */
		0445F9D91FCCFABA004E6920 /* Resources */ = {
			isa = PBXResourcesBuildPhase;
			buildActionMask = 2147483647;
			files = (
				04DBAB951FD633450083B9FF /* iconfont.ttf in Resources */,
				0445F9E91FCCFABA004E6920 /* LaunchScreen.storyboard in Resources */,
				0445F9E61FCCFABA004E6920 /* Assets.xcassets in Resources */,
				0445F9E41FCCFABA004E6920 /* Main.storyboard in Resources */,
			);
			runOnlyForDeploymentPostprocessing = 0;
		};
		0445F9ED1FCCFABA004E6920 /* Resources */ = {
			isa = PBXResourcesBuildPhase;
			buildActionMask = 2147483647;
			files = (
			);
			runOnlyForDeploymentPostprocessing = 0;
		};
		0445F9F81FCCFABA004E6920 /* Resources */ = {
			isa = PBXResourcesBuildPhase;
			buildActionMask = 2147483647;
			files = (
			);
			runOnlyForDeploymentPostprocessing = 0;
		};
/* End PBXResourcesBuildPhase section */

/* Begin PBXShellScriptBuildPhase section */
		30766692F162972700EB6A96 /* [CP] Copy Pods Resources */ = {
			isa = PBXShellScriptBuildPhase;
			buildActionMask = 2147483647;
			files = (
			);
			inputPaths = (
			);
			name = "[CP] Copy Pods Resources";
			outputPaths = (
			);
			runOnlyForDeploymentPostprocessing = 0;
			shellPath = /bin/sh;
			shellScript = "\"${SRCROOT}/Pods/Target Support Files/Pods-BakeTime/Pods-BakeTime-resources.sh\"\n";
			showEnvVarsInLog = 0;
		};
		61CEF1EC82AF78118BAB1B40 /* [CP] Check Pods Manifest.lock */ = {
			isa = PBXShellScriptBuildPhase;
			buildActionMask = 2147483647;
			files = (
			);
			inputPaths = (
				"${PODS_PODFILE_DIR_PATH}/Podfile.lock",
				"${PODS_ROOT}/Manifest.lock",
			);
			name = "[CP] Check Pods Manifest.lock";
			outputPaths = (
				"$(DERIVED_FILE_DIR)/Pods-BakeTime-checkManifestLockResult.txt",
			);
			runOnlyForDeploymentPostprocessing = 0;
			shellPath = /bin/sh;
			shellScript = "diff \"${PODS_PODFILE_DIR_PATH}/Podfile.lock\" \"${PODS_ROOT}/Manifest.lock\" > /dev/null\nif [ $? != 0 ] ; then\n    # print error to STDERR\n    echo \"error: The sandbox is not in sync with the Podfile.lock. Run 'pod install' or update your CocoaPods installation.\" >&2\n    exit 1\nfi\n# This output is used by Xcode 'outputs' to avoid re-running this script phase.\necho \"SUCCESS\" > \"${SCRIPT_OUTPUT_FILE_0}\"\n";
			showEnvVarsInLog = 0;
		};
		BD1239D4FEF316A307159E23 /* [CP] Embed Pods Frameworks */ = {
			isa = PBXShellScriptBuildPhase;
			buildActionMask = 2147483647;
			files = (
			);
			inputPaths = (
				"${SRCROOT}/Pods/Target Support Files/Pods-BakeTime/Pods-BakeTime-frameworks.sh",
				"${BUILT_PRODUCTS_DIR}/Alamofire/Alamofire.framework",
				"${BUILT_PRODUCTS_DIR}/SnapKit/SnapKit.framework",
			);
			name = "[CP] Embed Pods Frameworks";
			outputPaths = (
				"${TARGET_BUILD_DIR}/${FRAMEWORKS_FOLDER_PATH}/Alamofire.framework",
				"${TARGET_BUILD_DIR}/${FRAMEWORKS_FOLDER_PATH}/SnapKit.framework",
			);
			runOnlyForDeploymentPostprocessing = 0;
			shellPath = /bin/sh;
			shellScript = "\"${SRCROOT}/Pods/Target Support Files/Pods-BakeTime/Pods-BakeTime-frameworks.sh\"\n";
			showEnvVarsInLog = 0;
		};
/* End PBXShellScriptBuildPhase section */

/* Begin PBXSourcesBuildPhase section */
		0445F9D71FCCFABA004E6920 /* Sources */ = {
			isa = PBXSourcesBuildPhase;
			buildActionMask = 2147483647;
			files = (
				041C35DE2002795B0059CF77 /* Dictionary+Extension.swift in Sources */,
				041C35DF2002795B0059CF77 /* UIDevice+DeviceName.swift in Sources */,
				04B4C6D51FFA8303006CEA4A /* WriteRefreshView.swift in Sources */,
				04DBAB9E1FD647370083B9FF /* UIImage+Extension.swift in Sources */,
				D8076B0020052007009C1075 /* BubbleTransition.swift in Sources */,
				04E734B81FD54AB600073253 /* CollectController.swift in Sources */,
				04E734BA1FD54AD300073253 /* ClassController.swift in Sources */,
				04B4C6D31FFA8303006CEA4A /* State.swift in Sources */,
				04DBABA21FD6A98C0083B9FF /* UIView+Extension.swift in Sources */,
				04DBAB9A1FD63A1A0083B9FF /* IconFontEnum.swift in Sources */,
				04DBAB9C1FD644B10083B9FF /* UIColor+Extension.swift in Sources */,
				04E734B41FD54A9600073253 /* RecommendController.swift in Sources */,
				04B4C6D61FFA8303006CEA4A /* DefaultViewAnimator.swift in Sources */,
				04B4C6D01FFA8303006CEA4A /* DefaultRefreshView.swift in Sources */,
				0445FA151FCD0144004E6920 /* AppDelegate.swift in Sources */,
				0445FA1B1FCD6B0F004E6920 /* BaseViewController.swift in Sources */,
				04DBAB991FD63A1A0083B9FF /* IconFont.swift in Sources */,
				04B4C6D41FFA8303006CEA4A /* UIScrollView+PullToRefresh.swift in Sources */,
				041C35DD200278F30059CF77 /* PublicMacros.swift in Sources */,
				041C35DB1FFF7E120059CF77 /* SpringCollectionViewFlowLayout.swift in Sources */,
				04DBABA01FD668B60083B9FF /* UIConfig.swift in Sources */,
				0445FA1D1FCD7137004E6920 /* BaseTabBarController.swift in Sources */,
				04B4C6D21FFA8303006CEA4A /* RefreshViewAnimator.swift in Sources */,
				04E734B61FD54AA800073253 /* MeController.swift in Sources */,
				04B4C6CF1FFA8303006CEA4A /* PullToRefresh.swift in Sources */,
				0445FA131FCD013B004E6920 /* ViewController.swift in Sources */,
				04B4C6D11FFA8303006CEA4A /* WriteAnimatior.swift in Sources */,
				0445FA191FCD54B8004E6920 /* BaseNavigationController.swift in Sources */,
			);
			runOnlyForDeploymentPostprocessing = 0;
		};
		0445F9EB1FCCFABA004E6920 /* Sources */ = {
			isa = PBXSourcesBuildPhase;
			buildActionMask = 2147483647;
			files = (
				0445F9F41FCCFABA004E6920 /* BakeTimeTests.swift in Sources */,
			);
			runOnlyForDeploymentPostprocessing = 0;
		};
		0445F9F61FCCFABA004E6920 /* Sources */ = {
			isa = PBXSourcesBuildPhase;
			buildActionMask = 2147483647;
			files = (
				0445F9FF1FCCFABA004E6920 /* BakeTimeUITests.swift in Sources */,
			);
			runOnlyForDeploymentPostprocessing = 0;
		};
/* End PBXSourcesBuildPhase section */

/* Begin PBXTargetDependency section */
		0445F9F11FCCFABA004E6920 /* PBXTargetDependency */ = {
			isa = PBXTargetDependency;
			target = 0445F9DA1FCCFABA004E6920 /* BakeTime */;
			targetProxy = 0445F9F01FCCFABA004E6920 /* PBXContainerItemProxy */;
		};
		0445F9FC1FCCFABA004E6920 /* PBXTargetDependency */ = {
			isa = PBXTargetDependency;
			target = 0445F9DA1FCCFABA004E6920 /* BakeTime */;
			targetProxy = 0445F9FB1FCCFABA004E6920 /* PBXContainerItemProxy */;
		};
/* End PBXTargetDependency section */

/* Begin PBXVariantGroup section */
		0445F9E21FCCFABA004E6920 /* Main.storyboard */ = {
			isa = PBXVariantGroup;
			children = (
				0445F9E31FCCFABA004E6920 /* Base */,
			);
			name = Main.storyboard;
			sourceTree = "<group>";
		};
		0445F9E71FCCFABA004E6920 /* LaunchScreen.storyboard */ = {
			isa = PBXVariantGroup;
			children = (
				0445F9E81FCCFABA004E6920 /* Base */,
			);
			name = LaunchScreen.storyboard;
			sourceTree = "<group>";
		};
/* End PBXVariantGroup section */

/* Begin XCBuildConfiguration section */
		0445FA011FCCFABA004E6920 /* Debug */ = {
			isa = XCBuildConfiguration;
			buildSettings = {
				ALWAYS_SEARCH_USER_PATHS = NO;
				CLANG_ANALYZER_NONNULL = YES;
				CLANG_ANALYZER_NUMBER_OBJECT_CONVERSION = YES_AGGRESSIVE;
				CLANG_CXX_LANGUAGE_STANDARD = "gnu++14";
				CLANG_CXX_LIBRARY = "libc++";
				CLANG_ENABLE_MODULES = YES;
				CLANG_ENABLE_OBJC_ARC = YES;
				CLANG_WARN_BLOCK_CAPTURE_AUTORELEASING = YES;
				CLANG_WARN_BOOL_CONVERSION = YES;
				CLANG_WARN_COMMA = YES;
				CLANG_WARN_CONSTANT_CONVERSION = YES;
				CLANG_WARN_DIRECT_OBJC_ISA_USAGE = YES_ERROR;
				CLANG_WARN_DOCUMENTATION_COMMENTS = YES;
				CLANG_WARN_EMPTY_BODY = YES;
				CLANG_WARN_ENUM_CONVERSION = YES;
				CLANG_WARN_INFINITE_RECURSION = YES;
				CLANG_WARN_INT_CONVERSION = YES;
				CLANG_WARN_NON_LITERAL_NULL_CONVERSION = YES;
				CLANG_WARN_OBJC_LITERAL_CONVERSION = YES;
				CLANG_WARN_OBJC_ROOT_CLASS = YES_ERROR;
				CLANG_WARN_RANGE_LOOP_ANALYSIS = YES;
				CLANG_WARN_STRICT_PROTOTYPES = YES;
				CLANG_WARN_SUSPICIOUS_MOVE = YES;
				CLANG_WARN_UNGUARDED_AVAILABILITY = YES_AGGRESSIVE;
				CLANG_WARN_UNREACHABLE_CODE = YES;
				CLANG_WARN__DUPLICATE_METHOD_MATCH = YES;
				CODE_SIGN_IDENTITY = "iPhone Developer";
				COPY_PHASE_STRIP = NO;
				DEBUG_INFORMATION_FORMAT = dwarf;
				ENABLE_STRICT_OBJC_MSGSEND = YES;
				ENABLE_TESTABILITY = YES;
				GCC_C_LANGUAGE_STANDARD = gnu11;
				GCC_DYNAMIC_NO_PIC = NO;
				GCC_NO_COMMON_BLOCKS = YES;
				GCC_OPTIMIZATION_LEVEL = 0;
				GCC_PREPROCESSOR_DEFINITIONS = (
					"DEBUG=1",
					"$(inherited)",
				);
				GCC_WARN_64_TO_32_BIT_CONVERSION = YES;
				GCC_WARN_ABOUT_RETURN_TYPE = YES_ERROR;
				GCC_WARN_UNDECLARED_SELECTOR = YES;
				GCC_WARN_UNINITIALIZED_AUTOS = YES_AGGRESSIVE;
				GCC_WARN_UNUSED_FUNCTION = YES;
				GCC_WARN_UNUSED_VARIABLE = YES;
				IPHONEOS_DEPLOYMENT_TARGET = 11.0;
				MTL_ENABLE_DEBUG_INFO = YES;
				ONLY_ACTIVE_ARCH = YES;
				SDKROOT = iphoneos;
				SWIFT_ACTIVE_COMPILATION_CONDITIONS = DEBUG;
				SWIFT_OPTIMIZATION_LEVEL = "-Onone";
			};
			name = Debug;
		};
		0445FA021FCCFABA004E6920 /* Release */ = {
			isa = XCBuildConfiguration;
			buildSettings = {
				ALWAYS_SEARCH_USER_PATHS = NO;
				CLANG_ANALYZER_NONNULL = YES;
				CLANG_ANALYZER_NUMBER_OBJECT_CONVERSION = YES_AGGRESSIVE;
				CLANG_CXX_LANGUAGE_STANDARD = "gnu++14";
				CLANG_CXX_LIBRARY = "libc++";
				CLANG_ENABLE_MODULES = YES;
				CLANG_ENABLE_OBJC_ARC = YES;
				CLANG_WARN_BLOCK_CAPTURE_AUTORELEASING = YES;
				CLANG_WARN_BOOL_CONVERSION = YES;
				CLANG_WARN_COMMA = YES;
				CLANG_WARN_CONSTANT_CONVERSION = YES;
				CLANG_WARN_DIRECT_OBJC_ISA_USAGE = YES_ERROR;
				CLANG_WARN_DOCUMENTATION_COMMENTS = YES;
				CLANG_WARN_EMPTY_BODY = YES;
				CLANG_WARN_ENUM_CONVERSION = YES;
				CLANG_WARN_INFINITE_RECURSION = YES;
				CLANG_WARN_INT_CONVERSION = YES;
				CLANG_WARN_NON_LITERAL_NULL_CONVERSION = YES;
				CLANG_WARN_OBJC_LITERAL_CONVERSION = YES;
				CLANG_WARN_OBJC_ROOT_CLASS = YES_ERROR;
				CLANG_WARN_RANGE_LOOP_ANALYSIS = YES;
				CLANG_WARN_STRICT_PROTOTYPES = YES;
				CLANG_WARN_SUSPICIOUS_MOVE = YES;
				CLANG_WARN_UNGUARDED_AVAILABILITY = YES_AGGRESSIVE;
				CLANG_WARN_UNREACHABLE_CODE = YES;
				CLANG_WARN__DUPLICATE_METHOD_MATCH = YES;
				CODE_SIGN_IDENTITY = "iPhone Developer";
				COPY_PHASE_STRIP = NO;
				DEBUG_INFORMATION_FORMAT = "dwarf-with-dsym";
				ENABLE_NS_ASSERTIONS = NO;
				ENABLE_STRICT_OBJC_MSGSEND = YES;
				GCC_C_LANGUAGE_STANDARD = gnu11;
				GCC_NO_COMMON_BLOCKS = YES;
				GCC_WARN_64_TO_32_BIT_CONVERSION = YES;
				GCC_WARN_ABOUT_RETURN_TYPE = YES_ERROR;
				GCC_WARN_UNDECLARED_SELECTOR = YES;
				GCC_WARN_UNINITIALIZED_AUTOS = YES_AGGRESSIVE;
				GCC_WARN_UNUSED_FUNCTION = YES;
				GCC_WARN_UNUSED_VARIABLE = YES;
				IPHONEOS_DEPLOYMENT_TARGET = 11.0;
				MTL_ENABLE_DEBUG_INFO = NO;
				SDKROOT = iphoneos;
				SWIFT_OPTIMIZATION_LEVEL = "-Owholemodule";
				VALIDATE_PRODUCT = YES;
			};
			name = Release;
		};
		0445FA041FCCFABA004E6920 /* Debug */ = {
			isa = XCBuildConfiguration;
			baseConfigurationReference = F54F139CC98751F4EAD1288E /* Pods-BakeTime.debug.xcconfig */;
			buildSettings = {
				ASSETCATALOG_COMPILER_APPICON_NAME = AppIcon;
				CLANG_ENABLE_MODULES = YES;
				CODE_SIGN_STYLE = Manual;
				DEVELOPMENT_TEAM = 39LNNG9D24;
				INFOPLIST_FILE = BakeTime/Info.plist;
				IPHONEOS_DEPLOYMENT_TARGET = 9.3;
				LD_RUNPATH_SEARCH_PATHS = "$(inherited) @executable_path/Frameworks";
				PRODUCT_BUNDLE_IDENTIFIER = com.guanaitong.Guanaitong;
				PRODUCT_NAME = "$(TARGET_NAME)";
				PROVISIONING_PROFILE = "433a6eb6-1188-48a7-b219-da3a33a2599f";
				PROVISIONING_PROFILE_SPECIFIER = "Development com.guanaitong.Guanaitong";
				SWIFT_OBJC_BRIDGING_HEADER = "BakeTime/Source/BakeTime-Bridging-Header.h";
				SWIFT_OPTIMIZATION_LEVEL = "-Onone";
				SWIFT_VERSION = 4.0;
				TARGETED_DEVICE_FAMILY = 1;
			};
			name = Debug;
		};
		0445FA051FCCFABA004E6920 /* Release */ = {
			isa = XCBuildConfiguration;
			baseConfigurationReference = 79DF60E36C1D45812F283F79 /* Pods-BakeTime.release.xcconfig */;
			buildSettings = {
				ASSETCATALOG_COMPILER_APPICON_NAME = AppIcon;
				CLANG_ENABLE_MODULES = YES;
				CODE_SIGN_STYLE = Manual;
				DEVELOPMENT_TEAM = "";
				INFOPLIST_FILE = BakeTime/Info.plist;
				IPHONEOS_DEPLOYMENT_TARGET = 9.3;
				LD_RUNPATH_SEARCH_PATHS = "$(inherited) @executable_path/Frameworks";
				PRODUCT_BUNDLE_IDENTIFIER = com.guanaitong.Guanaitong;
				PRODUCT_NAME = "$(TARGET_NAME)";
				PROVISIONING_PROFILE_SPECIFIER = "";
				SWIFT_OBJC_BRIDGING_HEADER = "BakeTime/Source/BakeTime-Bridging-Header.h";
				SWIFT_VERSION = 4.0;
				TARGETED_DEVICE_FAMILY = 1;
			};
			name = Release;
		};
		0445FA071FCCFABA004E6920 /* Debug */ = {
			isa = XCBuildConfiguration;
			buildSettings = {
				ALWAYS_EMBED_SWIFT_STANDARD_LIBRARIES = YES;
				BUNDLE_LOADER = "$(TEST_HOST)";
				CODE_SIGN_STYLE = Automatic;
				INFOPLIST_FILE = BakeTimeTests/Info.plist;
				LD_RUNPATH_SEARCH_PATHS = "$(inherited) @executable_path/Frameworks @loader_path/Frameworks";
				PRODUCT_BUNDLE_IDENTIFIER = lyy.BakeTimeTests;
				PRODUCT_NAME = "$(TARGET_NAME)";
				SWIFT_VERSION = 4.0;
				TARGETED_DEVICE_FAMILY = "1,2";
				TEST_HOST = "$(BUILT_PRODUCTS_DIR)/BakeTime.app/BakeTime";
			};
			name = Debug;
		};
		0445FA081FCCFABA004E6920 /* Release */ = {
			isa = XCBuildConfiguration;
			buildSettings = {
				ALWAYS_EMBED_SWIFT_STANDARD_LIBRARIES = YES;
				BUNDLE_LOADER = "$(TEST_HOST)";
				CODE_SIGN_STYLE = Automatic;
				INFOPLIST_FILE = BakeTimeTests/Info.plist;
				LD_RUNPATH_SEARCH_PATHS = "$(inherited) @executable_path/Frameworks @loader_path/Frameworks";
				PRODUCT_BUNDLE_IDENTIFIER = lyy.BakeTimeTests;
				PRODUCT_NAME = "$(TARGET_NAME)";
				SWIFT_VERSION = 4.0;
				TARGETED_DEVICE_FAMILY = "1,2";
				TEST_HOST = "$(BUILT_PRODUCTS_DIR)/BakeTime.app/BakeTime";
			};
			name = Release;
		};
		0445FA0A1FCCFABA004E6920 /* Debug */ = {
			isa = XCBuildConfiguration;
			buildSettings = {
				ALWAYS_EMBED_SWIFT_STANDARD_LIBRARIES = YES;
				CODE_SIGN_STYLE = Automatic;
				INFOPLIST_FILE = BakeTimeUITests/Info.plist;
				LD_RUNPATH_SEARCH_PATHS = "$(inherited) @executable_path/Frameworks @loader_path/Frameworks";
				PRODUCT_BUNDLE_IDENTIFIER = lyy.BakeTimeUITests;
				PRODUCT_NAME = "$(TARGET_NAME)";
				SWIFT_VERSION = 4.0;
				TARGETED_DEVICE_FAMILY = "1,2";
				TEST_TARGET_NAME = BakeTime;
			};
			name = Debug;
		};
		0445FA0B1FCCFABA004E6920 /* Release */ = {
			isa = XCBuildConfiguration;
			buildSettings = {
				ALWAYS_EMBED_SWIFT_STANDARD_LIBRARIES = YES;
				CODE_SIGN_STYLE = Automatic;
				INFOPLIST_FILE = BakeTimeUITests/Info.plist;
				LD_RUNPATH_SEARCH_PATHS = "$(inherited) @executable_path/Frameworks @loader_path/Frameworks";
				PRODUCT_BUNDLE_IDENTIFIER = lyy.BakeTimeUITests;
				PRODUCT_NAME = "$(TARGET_NAME)";
				SWIFT_VERSION = 4.0;
				TARGETED_DEVICE_FAMILY = "1,2";
				TEST_TARGET_NAME = BakeTime;
			};
			name = Release;
		};
/* End XCBuildConfiguration section */

/* Begin XCConfigurationList section */
		0445F9D61FCCFABA004E6920 /* Build configuration list for PBXProject "BakeTime" */ = {
			isa = XCConfigurationList;
			buildConfigurations = (
				0445FA011FCCFABA004E6920 /* Debug */,
				0445FA021FCCFABA004E6920 /* Release */,
			);
			defaultConfigurationIsVisible = 0;
			defaultConfigurationName = Release;
		};
		0445FA031FCCFABA004E6920 /* Build configuration list for PBXNativeTarget "BakeTime" */ = {
			isa = XCConfigurationList;
			buildConfigurations = (
				0445FA041FCCFABA004E6920 /* Debug */,
				0445FA051FCCFABA004E6920 /* Release */,
			);
			defaultConfigurationIsVisible = 0;
			defaultConfigurationName = Release;
		};
		0445FA061FCCFABA004E6920 /* Build configuration list for PBXNativeTarget "BakeTimeTests" */ = {
			isa = XCConfigurationList;
			buildConfigurations = (
				0445FA071FCCFABA004E6920 /* Debug */,
				0445FA081FCCFABA004E6920 /* Release */,
			);
			defaultConfigurationIsVisible = 0;
			defaultConfigurationName = Release;
		};
		0445FA091FCCFABA004E6920 /* Build configuration list for PBXNativeTarget "BakeTimeUITests" */ = {
			isa = XCConfigurationList;
			buildConfigurations = (
				0445FA0A1FCCFABA004E6920 /* Debug */,
				0445FA0B1FCCFABA004E6920 /* Release */,
			);
			defaultConfigurationIsVisible = 0;
			defaultConfigurationName = Release;
		};
/* End XCConfigurationList section */
	};
	rootObject = 0445F9D31FCCFABA004E6920 /* Project object */;
}
